// !$*UTF8*$!
{
	archiveVersion = 1;
	classes = {
	};
	objectVersion = 56;
	objects = {

/* Begin PBXBuildFile section */
		87428F5F28F85B100025B92D /* UIScreenExtension.swift in Sources */ = {isa = PBXBuildFile; fileRef = 87428F5E28F85B100025B92D /* UIScreenExtension.swift */; };
		8752686028F5B1FF007A861D /* Character.swift in Sources */ = {isa = PBXBuildFile; fileRef = 8752685F28F5B1FF007A861D /* Character.swift */; };
		8752686228F5DD65007A861D /* Thumbnail.swift in Sources */ = {isa = PBXBuildFile; fileRef = 8752686128F5DD65007A861D /* Thumbnail.swift */; };
		8752686428F5DE75007A861D /* SeriesContainer.swift in Sources */ = {isa = PBXBuildFile; fileRef = 8752686328F5DE75007A861D /* SeriesContainer.swift */; };
		8752686828F5DF65007A861D /* CharactersViewModel.swift in Sources */ = {isa = PBXBuildFile; fileRef = 8752686728F5DF65007A861D /* CharactersViewModel.swift */; };
		8762480E28F449CA00E927E0 /* IOSSuperpoderesMarvelApp.swift in Sources */ = {isa = PBXBuildFile; fileRef = 8762480D28F449CA00E927E0 /* IOSSuperpoderesMarvelApp.swift */; };
		8762481228F449CB00E927E0 /* Assets.xcassets in Resources */ = {isa = PBXBuildFile; fileRef = 8762481128F449CB00E927E0 /* Assets.xcassets */; };
		8762481528F449CB00E927E0 /* Preview Assets.xcassets in Resources */ = {isa = PBXBuildFile; fileRef = 8762481428F449CB00E927E0 /* Preview Assets.xcassets */; };
		8762481728F449CB00E927E0 /* Persistence.swift in Sources */ = {isa = PBXBuildFile; fileRef = 8762481628F449CB00E927E0 /* Persistence.swift */; };
		8762481A28F449CB00E927E0 /* IOSSuperpoderesMarvel.xcdatamodeld in Sources */ = {isa = PBXBuildFile; fileRef = 8762481828F449CB00E927E0 /* IOSSuperpoderesMarvel.xcdatamodeld */; };
		8762482428F449CC00E927E0 /* AuthenticationHelperTests.swift in Sources */ = {isa = PBXBuildFile; fileRef = 8762482328F449CC00E927E0 /* AuthenticationHelperTests.swift */; };
		8762482E28F449CC00E927E0 /* IOSSuperpoderesMarvelUITests.swift in Sources */ = {isa = PBXBuildFile; fileRef = 8762482D28F449CC00E927E0 /* IOSSuperpoderesMarvelUITests.swift */; };
		8762483028F449CC00E927E0 /* IOSSuperpoderesMarvelUITestsLaunchTests.swift in Sources */ = {isa = PBXBuildFile; fileRef = 8762482F28F449CC00E927E0 /* IOSSuperpoderesMarvelUITestsLaunchTests.swift */; };
		8762484428F482CC00E927E0 /* AuthenticationHelper.swift in Sources */ = {isa = PBXBuildFile; fileRef = 8762484328F482CC00E927E0 /* AuthenticationHelper.swift */; };
		8762485128F4AC3300E927E0 /* RootViewModel.swift in Sources */ = {isa = PBXBuildFile; fileRef = 8762485028F4AC3300E927E0 /* RootViewModel.swift */; };
		8762485328F4AD4100E927E0 /* SceneStatus.swift in Sources */ = {isa = PBXBuildFile; fileRef = 8762485228F4AD4100E927E0 /* SceneStatus.swift */; };
		8762D78428F5AB9A00D57988 /* StringExtension.swift in Sources */ = {isa = PBXBuildFile; fileRef = 8762D78328F5AB9A00D57988 /* StringExtension.swift */; };
		877198FD28F59A4D00A7D685 /* NetworkHelper.swift in Sources */ = {isa = PBXBuildFile; fileRef = 877198FC28F59A4D00A7D685 /* NetworkHelper.swift */; };
		879D43D128F6A6CF00E4FB10 /* Localizable.strings in Resources */ = {isa = PBXBuildFile; fileRef = 879D43D328F6A6CF00E4FB10 /* Localizable.strings */; };
		879D43D628F6B49600E4FB10 /* RootView.swift in Sources */ = {isa = PBXBuildFile; fileRef = 879D43D528F6B49600E4FB10 /* RootView.swift */; };
		879D43D828F6C30B00E4FB10 /* CharactersWrappers.swift in Sources */ = {isa = PBXBuildFile; fileRef = 879D43D728F6C30B00E4FB10 /* CharactersWrappers.swift */; };
		879D43DC28F6DEF000E4FB10 /* CharacterViewModel.swift in Sources */ = {isa = PBXBuildFile; fileRef = 879D43DB28F6DEF000E4FB10 /* CharacterViewModel.swift */; };
		879D43DE28F71B6D00E4FB10 /* Serie.swift in Sources */ = {isa = PBXBuildFile; fileRef = 879D43DD28F71B6D00E4FB10 /* Serie.swift */; };
		879D43E028F71C9800E4FB10 /* SeriesWrappers.swift in Sources */ = {isa = PBXBuildFile; fileRef = 879D43DF28F71C9800E4FB10 /* SeriesWrappers.swift */; };
		879D43E428F730C100E4FB10 /* CharactersView.swift in Sources */ = {isa = PBXBuildFile; fileRef = 879D43E328F730C100E4FB10 /* CharactersView.swift */; };
		879D43E928F7413A00E4FB10 /* CharacterRowView.swift in Sources */ = {isa = PBXBuildFile; fileRef = 879D43E828F7413A00E4FB10 /* CharacterRowView.swift */; };
		879D43EB28F7613F00E4FB10 /* SerieDetailView.swift in Sources */ = {isa = PBXBuildFile; fileRef = 879D43EA28F7613F00E4FB10 /* SerieDetailView.swift */; };
		879D43ED28F767C100E4FB10 /* SerieRowView.swift in Sources */ = {isa = PBXBuildFile; fileRef = 879D43EC28F767C100E4FB10 /* SerieRowView.swift */; };
		87C1929B28F9A69A00551788 /* CharacterDetailView.swift in Sources */ = {isa = PBXBuildFile; fileRef = 87C1929A28F9A69A00551788 /* CharacterDetailView.swift */; };
		87C192A228F9FF7F00551788 /* ImageLoader.swift in Sources */ = {isa = PBXBuildFile; fileRef = 87C192A128F9FF7F00551788 /* ImageLoader.swift */; };
		87F2B3E728FC9FF700355593 /* SplashView.swift in Sources */ = {isa = PBXBuildFile; fileRef = 87F2B3E628FC9FF700355593 /* SplashView.swift */; };
/* End PBXBuildFile section */

/* Begin PBXContainerItemProxy section */
		8762482028F449CC00E927E0 /* PBXContainerItemProxy */ = {
			isa = PBXContainerItemProxy;
			containerPortal = 8762480228F449CA00E927E0 /* Project object */;
			proxyType = 1;
			remoteGlobalIDString = 8762480928F449CA00E927E0;
			remoteInfo = IOSSuperpoderesMarvel;
		};
		8762482A28F449CC00E927E0 /* PBXContainerItemProxy */ = {
			isa = PBXContainerItemProxy;
			containerPortal = 8762480228F449CA00E927E0 /* Project object */;
			proxyType = 1;
			remoteGlobalIDString = 8762480928F449CA00E927E0;
			remoteInfo = IOSSuperpoderesMarvel;
		};
/* End PBXContainerItemProxy section */

/* Begin PBXFileReference section */
		87428F5E28F85B100025B92D /* UIScreenExtension.swift */ = {isa = PBXFileReference; lastKnownFileType = sourcecode.swift; path = UIScreenExtension.swift; sourceTree = "<group>"; };
		8752685F28F5B1FF007A861D /* Character.swift */ = {isa = PBXFileReference; lastKnownFileType = sourcecode.swift; path = Character.swift; sourceTree = "<group>"; };
		8752686128F5DD65007A861D /* Thumbnail.swift */ = {isa = PBXFileReference; lastKnownFileType = sourcecode.swift; path = Thumbnail.swift; sourceTree = "<group>"; };
		8752686328F5DE75007A861D /* SeriesContainer.swift */ = {isa = PBXFileReference; lastKnownFileType = sourcecode.swift; path = SeriesContainer.swift; sourceTree = "<group>"; };
		8752686728F5DF65007A861D /* CharactersViewModel.swift */ = {isa = PBXFileReference; lastKnownFileType = sourcecode.swift; path = CharactersViewModel.swift; sourceTree = "<group>"; };
		8762480A28F449CA00E927E0 /* IOSSuperpoderesMarvel.app */ = {isa = PBXFileReference; explicitFileType = wrapper.application; includeInIndex = 0; path = IOSSuperpoderesMarvel.app; sourceTree = BUILT_PRODUCTS_DIR; };
		8762480D28F449CA00E927E0 /* IOSSuperpoderesMarvelApp.swift */ = {isa = PBXFileReference; lastKnownFileType = sourcecode.swift; path = IOSSuperpoderesMarvelApp.swift; sourceTree = "<group>"; };
		8762481128F449CB00E927E0 /* Assets.xcassets */ = {isa = PBXFileReference; lastKnownFileType = folder.assetcatalog; path = Assets.xcassets; sourceTree = "<group>"; };
		8762481428F449CB00E927E0 /* Preview Assets.xcassets */ = {isa = PBXFileReference; lastKnownFileType = folder.assetcatalog; path = "Preview Assets.xcassets"; sourceTree = "<group>"; };
		8762481628F449CB00E927E0 /* Persistence.swift */ = {isa = PBXFileReference; lastKnownFileType = sourcecode.swift; path = Persistence.swift; sourceTree = "<group>"; };
		8762481928F449CB00E927E0 /* IOSSuperpoderesMarvel.xcdatamodel */ = {isa = PBXFileReference; lastKnownFileType = wrapper.xcdatamodel; path = IOSSuperpoderesMarvel.xcdatamodel; sourceTree = "<group>"; };
		8762481F28F449CC00E927E0 /* IOSSuperpoderesMarvelTests.xctest */ = {isa = PBXFileReference; explicitFileType = wrapper.cfbundle; includeInIndex = 0; path = IOSSuperpoderesMarvelTests.xctest; sourceTree = BUILT_PRODUCTS_DIR; };
		8762482328F449CC00E927E0 /* AuthenticationHelperTests.swift */ = {isa = PBXFileReference; lastKnownFileType = sourcecode.swift; path = AuthenticationHelperTests.swift; sourceTree = "<group>"; };
		8762482928F449CC00E927E0 /* IOSSuperpoderesMarvelUITests.xctest */ = {isa = PBXFileReference; explicitFileType = wrapper.cfbundle; includeInIndex = 0; path = IOSSuperpoderesMarvelUITests.xctest; sourceTree = BUILT_PRODUCTS_DIR; };
		8762482D28F449CC00E927E0 /* IOSSuperpoderesMarvelUITests.swift */ = {isa = PBXFileReference; lastKnownFileType = sourcecode.swift; path = IOSSuperpoderesMarvelUITests.swift; sourceTree = "<group>"; };
		8762482F28F449CC00E927E0 /* IOSSuperpoderesMarvelUITestsLaunchTests.swift */ = {isa = PBXFileReference; lastKnownFileType = sourcecode.swift; path = IOSSuperpoderesMarvelUITestsLaunchTests.swift; sourceTree = "<group>"; };
		8762484328F482CC00E927E0 /* AuthenticationHelper.swift */ = {isa = PBXFileReference; lastKnownFileType = sourcecode.swift; path = AuthenticationHelper.swift; sourceTree = "<group>"; };
		8762485028F4AC3300E927E0 /* RootViewModel.swift */ = {isa = PBXFileReference; lastKnownFileType = sourcecode.swift; path = RootViewModel.swift; sourceTree = "<group>"; };
		8762485228F4AD4100E927E0 /* SceneStatus.swift */ = {isa = PBXFileReference; lastKnownFileType = sourcecode.swift; path = SceneStatus.swift; sourceTree = "<group>"; };
		8762D78328F5AB9A00D57988 /* StringExtension.swift */ = {isa = PBXFileReference; lastKnownFileType = sourcecode.swift; path = StringExtension.swift; sourceTree = "<group>"; };
		877198FC28F59A4D00A7D685 /* NetworkHelper.swift */ = {isa = PBXFileReference; lastKnownFileType = sourcecode.swift; path = NetworkHelper.swift; sourceTree = "<group>"; };
		879D43D228F6A6CF00E4FB10 /* en */ = {isa = PBXFileReference; lastKnownFileType = text.plist.strings; name = en; path = en.lproj/Localizable.strings; sourceTree = "<group>"; };
		879D43D428F6A6D400E4FB10 /* es */ = {isa = PBXFileReference; lastKnownFileType = text.plist.strings; name = es; path = es.lproj/Localizable.strings; sourceTree = "<group>"; };
		879D43D528F6B49600E4FB10 /* RootView.swift */ = {isa = PBXFileReference; lastKnownFileType = sourcecode.swift; path = RootView.swift; sourceTree = "<group>"; };
		879D43D728F6C30B00E4FB10 /* CharactersWrappers.swift */ = {isa = PBXFileReference; lastKnownFileType = sourcecode.swift; path = CharactersWrappers.swift; sourceTree = "<group>"; };
		879D43D928F6D64400E4FB10 /* Info.plist */ = {isa = PBXFileReference; lastKnownFileType = text.plist.xml; path = Info.plist; sourceTree = "<group>"; };
		879D43DB28F6DEF000E4FB10 /* CharacterViewModel.swift */ = {isa = PBXFileReference; lastKnownFileType = sourcecode.swift; path = CharacterViewModel.swift; sourceTree = "<group>"; };
		879D43DD28F71B6D00E4FB10 /* Serie.swift */ = {isa = PBXFileReference; lastKnownFileType = sourcecode.swift; path = Serie.swift; sourceTree = "<group>"; };
		879D43DF28F71C9800E4FB10 /* SeriesWrappers.swift */ = {isa = PBXFileReference; lastKnownFileType = sourcecode.swift; path = SeriesWrappers.swift; sourceTree = "<group>"; };
		879D43E328F730C100E4FB10 /* CharactersView.swift */ = {isa = PBXFileReference; lastKnownFileType = sourcecode.swift; path = CharactersView.swift; sourceTree = "<group>"; };
		879D43E828F7413A00E4FB10 /* CharacterRowView.swift */ = {isa = PBXFileReference; lastKnownFileType = sourcecode.swift; path = CharacterRowView.swift; sourceTree = "<group>"; };
		879D43EA28F7613F00E4FB10 /* SerieDetailView.swift */ = {isa = PBXFileReference; lastKnownFileType = sourcecode.swift; path = SerieDetailView.swift; sourceTree = "<group>"; };
		879D43EC28F767C100E4FB10 /* SerieRowView.swift */ = {isa = PBXFileReference; lastKnownFileType = sourcecode.swift; path = SerieRowView.swift; sourceTree = "<group>"; };
		87C1929A28F9A69A00551788 /* CharacterDetailView.swift */ = {isa = PBXFileReference; lastKnownFileType = sourcecode.swift; path = CharacterDetailView.swift; sourceTree = "<group>"; };
		87C192A128F9FF7F00551788 /* ImageLoader.swift */ = {isa = PBXFileReference; lastKnownFileType = sourcecode.swift; path = ImageLoader.swift; sourceTree = "<group>"; };
		87F2B3E628FC9FF700355593 /* SplashView.swift */ = {isa = PBXFileReference; lastKnownFileType = sourcecode.swift; path = SplashView.swift; sourceTree = "<group>"; };
/* End PBXFileReference section */

/* Begin PBXFrameworksBuildPhase section */
		8762480728F449CA00E927E0 /* Frameworks */ = {
			isa = PBXFrameworksBuildPhase;
			buildActionMask = 2147483647;
			files = (
			);
			runOnlyForDeploymentPostprocessing = 0;
		};
		8762481C28F449CC00E927E0 /* Frameworks */ = {
			isa = PBXFrameworksBuildPhase;
			buildActionMask = 2147483647;
			files = (
			);
			runOnlyForDeploymentPostprocessing = 0;
		};
		8762482628F449CC00E927E0 /* Frameworks */ = {
			isa = PBXFrameworksBuildPhase;
			buildActionMask = 2147483647;
			files = (
			);
			runOnlyForDeploymentPostprocessing = 0;
		};
/* End PBXFrameworksBuildPhase section */

/* Begin PBXGroup section */
		8762480128F449CA00E927E0 = {
			isa = PBXGroup;
			children = (
				8762480C28F449CA00E927E0 /* IOSSuperpoderesMarvel */,
				8762482C28F449CC00E927E0 /* IOSSuperpoderesMarvelUITests */,
				8762482228F449CC00E927E0 /* IOSSuperpoderesMarvelTests */,
				8762480B28F449CA00E927E0 /* Products */,
			);
			sourceTree = "<group>";
		};
		8762480B28F449CA00E927E0 /* Products */ = {
			isa = PBXGroup;
			children = (
				8762480A28F449CA00E927E0 /* IOSSuperpoderesMarvel.app */,
				8762481F28F449CC00E927E0 /* IOSSuperpoderesMarvelTests.xctest */,
				8762482928F449CC00E927E0 /* IOSSuperpoderesMarvelUITests.xctest */,
			);
			name = Products;
			sourceTree = "<group>";
		};
		8762480C28F449CA00E927E0 /* IOSSuperpoderesMarvel */ = {
			isa = PBXGroup;
			children = (
				8762484028F44C8C00E927E0 /* App */,
				8762480D28F449CA00E927E0 /* IOSSuperpoderesMarvelApp.swift */,
				8762483C28F44C7000E927E0 /* Domain */,
				8762483F28F44C7D00E927E0 /* UI */,
				879D43D328F6A6CF00E4FB10 /* Localizable.strings */,
			);
			path = IOSSuperpoderesMarvel;
			sourceTree = "<group>";
		};
		8762481328F449CB00E927E0 /* Preview Content */ = {
			isa = PBXGroup;
			children = (
				8762481428F449CB00E927E0 /* Preview Assets.xcassets */,
			);
			path = "Preview Content";
			sourceTree = "<group>";
		};
		8762482228F449CC00E927E0 /* IOSSuperpoderesMarvelTests */ = {
			isa = PBXGroup;
			children = (
				8762482328F449CC00E927E0 /* AuthenticationHelperTests.swift */,
			);
			path = IOSSuperpoderesMarvelTests;
			sourceTree = "<group>";
		};
		8762482C28F449CC00E927E0 /* IOSSuperpoderesMarvelUITests */ = {
			isa = PBXGroup;
			children = (
				8762482D28F449CC00E927E0 /* IOSSuperpoderesMarvelUITests.swift */,
				8762482F28F449CC00E927E0 /* IOSSuperpoderesMarvelUITestsLaunchTests.swift */,
			);
			path = IOSSuperpoderesMarvelUITests;
			sourceTree = "<group>";
		};
		8762483C28F44C7000E927E0 /* Domain */ = {
			isa = PBXGroup;
			children = (
				8762D78228F5AB8D00D57988 /* Extensions */,
				8762483E28F44C7700E927E0 /* Models */,
				8762483D28F44C7300E927E0 /* Utils */,
			);
			path = Domain;
			sourceTree = "<group>";
		};
		8762483D28F44C7300E927E0 /* Utils */ = {
			isa = PBXGroup;
			children = (
				8762484328F482CC00E927E0 /* AuthenticationHelper.swift */,
				877198FC28F59A4D00A7D685 /* NetworkHelper.swift */,
				87C192A128F9FF7F00551788 /* ImageLoader.swift */,
			);
			path = Utils;
			sourceTree = "<group>";
		};
		8762483E28F44C7700E927E0 /* Models */ = {
			isa = PBXGroup;
			children = (
				87C472F528FD4438004528AB /* APIModels */,
				8762485228F4AD4100E927E0 /* SceneStatus.swift */,
			);
			path = Models;
			sourceTree = "<group>";
		};
		8762483F28F44C7D00E927E0 /* UI */ = {
			isa = PBXGroup;
			children = (
				87C1929D28F9B87000551788 /* ViewModels */,
				87C1929C28F9B86500551788 /* Views */,
			);
			path = UI;
			sourceTree = "<group>";
		};
		8762484028F44C8C00E927E0 /* App */ = {
			isa = PBXGroup;
			children = (
				879D43D928F6D64400E4FB10 /* Info.plist */,
				8762484128F44CC900E927E0 /* Resources */,
				8762481628F449CB00E927E0 /* Persistence.swift */,
				8762481828F449CB00E927E0 /* IOSSuperpoderesMarvel.xcdatamodeld */,
				8762481328F449CB00E927E0 /* Preview Content */,
			);
			path = App;
			sourceTree = "<group>";
		};
		8762484128F44CC900E927E0 /* Resources */ = {
			isa = PBXGroup;
			children = (
				8762481128F449CB00E927E0 /* Assets.xcassets */,
			);
			path = Resources;
			sourceTree = "<group>";
		};
		8762D78228F5AB8D00D57988 /* Extensions */ = {
			isa = PBXGroup;
			children = (
				8762D78328F5AB9A00D57988 /* StringExtension.swift */,
				87428F5E28F85B100025B92D /* UIScreenExtension.swift */,
			);
			path = Extensions;
			sourceTree = "<group>";
		};
		879D43E128F71C9D00E4FB10 /* Characters */ = {
			isa = PBXGroup;
			children = (
				879D43D728F6C30B00E4FB10 /* CharactersWrappers.swift */,
				8752685F28F5B1FF007A861D /* Character.swift */,
				8752686328F5DE75007A861D /* SeriesContainer.swift */,
			);
			path = Characters;
			sourceTree = "<group>";
		};
		879D43E228F71CB100E4FB10 /* Series */ = {
			isa = PBXGroup;
			children = (
				879D43DF28F71C9800E4FB10 /* SeriesWrappers.swift */,
				879D43DD28F71B6D00E4FB10 /* Serie.swift */,
			);
			path = Series;
			sourceTree = "<group>";
		};
		87C1929C28F9B86500551788 /* Views */ = {
			isa = PBXGroup;
			children = (
				879D43D528F6B49600E4FB10 /* RootView.swift */,
				87F2B3E628FC9FF700355593 /* SplashView.swift */,
				879D43E328F730C100E4FB10 /* CharactersView.swift */,
				879D43E828F7413A00E4FB10 /* CharacterRowView.swift */,
				87C1929A28F9A69A00551788 /* CharacterDetailView.swift */,
				879D43EA28F7613F00E4FB10 /* SerieDetailView.swift */,
				879D43EC28F767C100E4FB10 /* SerieRowView.swift */,
			);
			path = Views;
			sourceTree = "<group>";
		};
		87C1929D28F9B87000551788 /* ViewModels */ = {
			isa = PBXGroup;
			children = (
				8762485028F4AC3300E927E0 /* RootViewModel.swift */,
				8752686728F5DF65007A861D /* CharactersViewModel.swift */,
				879D43DB28F6DEF000E4FB10 /* CharacterViewModel.swift */,
			);
			path = ViewModels;
			sourceTree = "<group>";
		};
		87C472F528FD4438004528AB /* APIModels */ = {
			isa = PBXGroup;
			children = (
				879D43E128F71C9D00E4FB10 /* Characters */,
				879D43E228F71CB100E4FB10 /* Series */,
				8752686128F5DD65007A861D /* Thumbnail.swift */,
			);
			path = APIModels;
			sourceTree = "<group>";
		};
/* End PBXGroup section */

/* Begin PBXNativeTarget section */
		8762480928F449CA00E927E0 /* IOSSuperpoderesMarvel */ = {
			isa = PBXNativeTarget;
			buildConfigurationList = 8762483328F449CC00E927E0 /* Build configuration list for PBXNativeTarget "IOSSuperpoderesMarvel" */;
			buildPhases = (
				8762480628F449CA00E927E0 /* Sources */,
				8762480728F449CA00E927E0 /* Frameworks */,
				8762480828F449CA00E927E0 /* Resources */,
			);
			buildRules = (
			);
			dependencies = (
			);
			name = IOSSuperpoderesMarvel;
			productName = IOSSuperpoderesMarvel;
			productReference = 8762480A28F449CA00E927E0 /* IOSSuperpoderesMarvel.app */;
			productType = "com.apple.product-type.application";
		};
		8762481E28F449CC00E927E0 /* IOSSuperpoderesMarvelTests */ = {
			isa = PBXNativeTarget;
			buildConfigurationList = 8762483628F449CC00E927E0 /* Build configuration list for PBXNativeTarget "IOSSuperpoderesMarvelTests" */;
			buildPhases = (
				8762481B28F449CC00E927E0 /* Sources */,
				8762481C28F449CC00E927E0 /* Frameworks */,
				8762481D28F449CC00E927E0 /* Resources */,
			);
			buildRules = (
			);
			dependencies = (
				8762482128F449CC00E927E0 /* PBXTargetDependency */,
			);
			name = IOSSuperpoderesMarvelTests;
			productName = IOSSuperpoderesMarvelTests;
			productReference = 8762481F28F449CC00E927E0 /* IOSSuperpoderesMarvelTests.xctest */;
			productType = "com.apple.product-type.bundle.unit-test";
		};
		8762482828F449CC00E927E0 /* IOSSuperpoderesMarvelUITests */ = {
			isa = PBXNativeTarget;
			buildConfigurationList = 8762483928F449CC00E927E0 /* Build configuration list for PBXNativeTarget "IOSSuperpoderesMarvelUITests" */;
			buildPhases = (
				8762482528F449CC00E927E0 /* Sources */,
				8762482628F449CC00E927E0 /* Frameworks */,
				8762482728F449CC00E927E0 /* Resources */,
			);
			buildRules = (
			);
			dependencies = (
				8762482B28F449CC00E927E0 /* PBXTargetDependency */,
			);
			name = IOSSuperpoderesMarvelUITests;
			productName = IOSSuperpoderesMarvelUITests;
			productReference = 8762482928F449CC00E927E0 /* IOSSuperpoderesMarvelUITests.xctest */;
			productType = "com.apple.product-type.bundle.ui-testing";
		};
/* End PBXNativeTarget section */

/* Begin PBXProject section */
		8762480228F449CA00E927E0 /* Project object */ = {
			isa = PBXProject;
			attributes = {
				BuildIndependentTargetsInParallel = 1;
				LastSwiftUpdateCheck = 1400;
				LastUpgradeCheck = 1400;
				TargetAttributes = {
					8762480928F449CA00E927E0 = {
						CreatedOnToolsVersion = 14.0;
					};
					8762481E28F449CC00E927E0 = {
						CreatedOnToolsVersion = 14.0;
						TestTargetID = 8762480928F449CA00E927E0;
					};
					8762482828F449CC00E927E0 = {
						CreatedOnToolsVersion = 14.0;
						TestTargetID = 8762480928F449CA00E927E0;
					};
				};
			};
			buildConfigurationList = 8762480528F449CA00E927E0 /* Build configuration list for PBXProject "IOSSuperpoderesMarvel" */;
			compatibilityVersion = "Xcode 14.0";
			developmentRegion = en;
			hasScannedForEncodings = 0;
			knownRegions = (
				en,
				Base,
				es,
			);
			mainGroup = 8762480128F449CA00E927E0;
			productRefGroup = 8762480B28F449CA00E927E0 /* Products */;
			projectDirPath = "";
			projectRoot = "";
			targets = (
				8762480928F449CA00E927E0 /* IOSSuperpoderesMarvel */,
				8762481E28F449CC00E927E0 /* IOSSuperpoderesMarvelTests */,
				8762482828F449CC00E927E0 /* IOSSuperpoderesMarvelUITests */,
			);
		};
/* End PBXProject section */

/* Begin PBXResourcesBuildPhase section */
		8762480828F449CA00E927E0 /* Resources */ = {
			isa = PBXResourcesBuildPhase;
			buildActionMask = 2147483647;
			files = (
				8762481528F449CB00E927E0 /* Preview Assets.xcassets in Resources */,
				879D43D128F6A6CF00E4FB10 /* Localizable.strings in Resources */,
				8762481228F449CB00E927E0 /* Assets.xcassets in Resources */,
			);
			runOnlyForDeploymentPostprocessing = 0;
		};
		8762481D28F449CC00E927E0 /* Resources */ = {
			isa = PBXResourcesBuildPhase;
			buildActionMask = 2147483647;
			files = (
			);
			runOnlyForDeploymentPostprocessing = 0;
		};
		8762482728F449CC00E927E0 /* Resources */ = {
			isa = PBXResourcesBuildPhase;
			buildActionMask = 2147483647;
			files = (
			);
			runOnlyForDeploymentPostprocessing = 0;
		};
/* End PBXResourcesBuildPhase section */

/* Begin PBXSourcesBuildPhase section */
		8762480628F449CA00E927E0 /* Sources */ = {
			isa = PBXSourcesBuildPhase;
			buildActionMask = 2147483647;
			files = (
				879D43ED28F767C100E4FB10 /* SerieRowView.swift in Sources */,
				877198FD28F59A4D00A7D685 /* NetworkHelper.swift in Sources */,
				87F2B3E728FC9FF700355593 /* SplashView.swift in Sources */,
				8762481728F449CB00E927E0 /* Persistence.swift in Sources */,
				8752686228F5DD65007A861D /* Thumbnail.swift in Sources */,
				879D43EB28F7613F00E4FB10 /* SerieDetailView.swift in Sources */,
				879D43DC28F6DEF000E4FB10 /* CharacterViewModel.swift in Sources */,
				8752686028F5B1FF007A861D /* Character.swift in Sources */,
				879D43E428F730C100E4FB10 /* CharactersView.swift in Sources */,
				87428F5F28F85B100025B92D /* UIScreenExtension.swift in Sources */,
				87C1929B28F9A69A00551788 /* CharacterDetailView.swift in Sources */,
				8752686428F5DE75007A861D /* SeriesContainer.swift in Sources */,
				8762D78428F5AB9A00D57988 /* StringExtension.swift in Sources */,
				8762484428F482CC00E927E0 /* AuthenticationHelper.swift in Sources */,
				879D43D628F6B49600E4FB10 /* RootView.swift in Sources */,
				879D43E928F7413A00E4FB10 /* CharacterRowView.swift in Sources */,
				8762485328F4AD4100E927E0 /* SceneStatus.swift in Sources */,
				87C192A228F9FF7F00551788 /* ImageLoader.swift in Sources */,
				879D43D828F6C30B00E4FB10 /* CharactersWrappers.swift in Sources */,
				8752686828F5DF65007A861D /* CharactersViewModel.swift in Sources */,
				879D43DE28F71B6D00E4FB10 /* Serie.swift in Sources */,
				8762481A28F449CB00E927E0 /* IOSSuperpoderesMarvel.xcdatamodeld in Sources */,
				8762485128F4AC3300E927E0 /* RootViewModel.swift in Sources */,
				8762480E28F449CA00E927E0 /* IOSSuperpoderesMarvelApp.swift in Sources */,
				879D43E028F71C9800E4FB10 /* SeriesWrappers.swift in Sources */,
			);
			runOnlyForDeploymentPostprocessing = 0;
		};
		8762481B28F449CC00E927E0 /* Sources */ = {
			isa = PBXSourcesBuildPhase;
			buildActionMask = 2147483647;
			files = (
				8762482428F449CC00E927E0 /* AuthenticationHelperTests.swift in Sources */,
			);
			runOnlyForDeploymentPostprocessing = 0;
		};
		8762482528F449CC00E927E0 /* Sources */ = {
			isa = PBXSourcesBuildPhase;
			buildActionMask = 2147483647;
			files = (
				8762483028F449CC00E927E0 /* IOSSuperpoderesMarvelUITestsLaunchTests.swift in Sources */,
				8762482E28F449CC00E927E0 /* IOSSuperpoderesMarvelUITests.swift in Sources */,
			);
			runOnlyForDeploymentPostprocessing = 0;
		};
/* End PBXSourcesBuildPhase section */

/* Begin PBXTargetDependency section */
		8762482128F449CC00E927E0 /* PBXTargetDependency */ = {
			isa = PBXTargetDependency;
			target = 8762480928F449CA00E927E0 /* IOSSuperpoderesMarvel */;
			targetProxy = 8762482028F449CC00E927E0 /* PBXContainerItemProxy */;
		};
		8762482B28F449CC00E927E0 /* PBXTargetDependency */ = {
			isa = PBXTargetDependency;
			target = 8762480928F449CA00E927E0 /* IOSSuperpoderesMarvel */;
			targetProxy = 8762482A28F449CC00E927E0 /* PBXContainerItemProxy */;
		};
/* End PBXTargetDependency section */

/* Begin PBXVariantGroup section */
		879D43D328F6A6CF00E4FB10 /* Localizable.strings */ = {
			isa = PBXVariantGroup;
			children = (
				879D43D228F6A6CF00E4FB10 /* en */,
				879D43D428F6A6D400E4FB10 /* es */,
			);
			name = Localizable.strings;
			sourceTree = "<group>";
		};
/* End PBXVariantGroup section */

/* Begin XCBuildConfiguration section */
		8762483128F449CC00E927E0 /* Debug */ = {
			isa = XCBuildConfiguration;
			buildSettings = {
				ALWAYS_SEARCH_USER_PATHS = NO;
				CLANG_ANALYZER_NONNULL = YES;
				CLANG_ANALYZER_NUMBER_OBJECT_CONVERSION = YES_AGGRESSIVE;
				CLANG_CXX_LANGUAGE_STANDARD = "gnu++20";
				CLANG_ENABLE_MODULES = YES;
				CLANG_ENABLE_OBJC_ARC = YES;
				CLANG_ENABLE_OBJC_WEAK = YES;
				CLANG_WARN_BLOCK_CAPTURE_AUTORELEASING = YES;
				CLANG_WARN_BOOL_CONVERSION = YES;
				CLANG_WARN_COMMA = YES;
				CLANG_WARN_CONSTANT_CONVERSION = YES;
				CLANG_WARN_DEPRECATED_OBJC_IMPLEMENTATIONS = YES;
				CLANG_WARN_DIRECT_OBJC_ISA_USAGE = YES_ERROR;
				CLANG_WARN_DOCUMENTATION_COMMENTS = YES;
				CLANG_WARN_EMPTY_BODY = YES;
				CLANG_WARN_ENUM_CONVERSION = YES;
				CLANG_WARN_INFINITE_RECURSION = YES;
				CLANG_WARN_INT_CONVERSION = YES;
				CLANG_WARN_NON_LITERAL_NULL_CONVERSION = YES;
				CLANG_WARN_OBJC_IMPLICIT_RETAIN_SELF = YES;
				CLANG_WARN_OBJC_LITERAL_CONVERSION = YES;
				CLANG_WARN_OBJC_ROOT_CLASS = YES_ERROR;
				CLANG_WARN_QUOTED_INCLUDE_IN_FRAMEWORK_HEADER = YES;
				CLANG_WARN_RANGE_LOOP_ANALYSIS = YES;
				CLANG_WARN_STRICT_PROTOTYPES = YES;
				CLANG_WARN_SUSPICIOUS_MOVE = YES;
				CLANG_WARN_UNGUARDED_AVAILABILITY = YES_AGGRESSIVE;
				CLANG_WARN_UNREACHABLE_CODE = YES;
				CLANG_WARN__DUPLICATE_METHOD_MATCH = YES;
				COPY_PHASE_STRIP = NO;
				DEBUG_INFORMATION_FORMAT = dwarf;
				ENABLE_STRICT_OBJC_MSGSEND = YES;
				ENABLE_TESTABILITY = YES;
				GCC_C_LANGUAGE_STANDARD = gnu11;
				GCC_DYNAMIC_NO_PIC = NO;
				GCC_NO_COMMON_BLOCKS = YES;
				GCC_OPTIMIZATION_LEVEL = 0;
				GCC_PREPROCESSOR_DEFINITIONS = (
					"DEBUG=1",
					"$(inherited)",
				);
				GCC_WARN_64_TO_32_BIT_CONVERSION = YES;
				GCC_WARN_ABOUT_RETURN_TYPE = YES_ERROR;
				GCC_WARN_UNDECLARED_SELECTOR = YES;
				GCC_WARN_UNINITIALIZED_AUTOS = YES_AGGRESSIVE;
				GCC_WARN_UNUSED_FUNCTION = YES;
				GCC_WARN_UNUSED_VARIABLE = YES;
				IPHONEOS_DEPLOYMENT_TARGET = 16.0;
				MTL_ENABLE_DEBUG_INFO = INCLUDE_SOURCE;
				MTL_FAST_MATH = YES;
				ONLY_ACTIVE_ARCH = YES;
				SDKROOT = iphoneos;
				SWIFT_ACTIVE_COMPILATION_CONDITIONS = DEBUG;
				SWIFT_OPTIMIZATION_LEVEL = "-Onone";
			};
			name = Debug;
		};
		8762483228F449CC00E927E0 /* Release */ = {
			isa = XCBuildConfiguration;
			buildSettings = {
				ALWAYS_SEARCH_USER_PATHS = NO;
				CLANG_ANALYZER_NONNULL = YES;
				CLANG_ANALYZER_NUMBER_OBJECT_CONVERSION = YES_AGGRESSIVE;
				CLANG_CXX_LANGUAGE_STANDARD = "gnu++20";
				CLANG_ENABLE_MODULES = YES;
				CLANG_ENABLE_OBJC_ARC = YES;
				CLANG_ENABLE_OBJC_WEAK = YES;
				CLANG_WARN_BLOCK_CAPTURE_AUTORELEASING = YES;
				CLANG_WARN_BOOL_CONVERSION = YES;
				CLANG_WARN_COMMA = YES;
				CLANG_WARN_CONSTANT_CONVERSION = YES;
				CLANG_WARN_DEPRECATED_OBJC_IMPLEMENTATIONS = YES;
				CLANG_WARN_DIRECT_OBJC_ISA_USAGE = YES_ERROR;
				CLANG_WARN_DOCUMENTATION_COMMENTS = YES;
				CLANG_WARN_EMPTY_BODY = YES;
				CLANG_WARN_ENUM_CONVERSION = YES;
				CLANG_WARN_INFINITE_RECURSION = YES;
				CLANG_WARN_INT_CONVERSION = YES;
				CLANG_WARN_NON_LITERAL_NULL_CONVERSION = YES;
				CLANG_WARN_OBJC_IMPLICIT_RETAIN_SELF = YES;
				CLANG_WARN_OBJC_LITERAL_CONVERSION = YES;
				CLANG_WARN_OBJC_ROOT_CLASS = YES_ERROR;
				CLANG_WARN_QUOTED_INCLUDE_IN_FRAMEWORK_HEADER = YES;
				CLANG_WARN_RANGE_LOOP_ANALYSIS = YES;
				CLANG_WARN_STRICT_PROTOTYPES = YES;
				CLANG_WARN_SUSPICIOUS_MOVE = YES;
				CLANG_WARN_UNGUARDED_AVAILABILITY = YES_AGGRESSIVE;
				CLANG_WARN_UNREACHABLE_CODE = YES;
				CLANG_WARN__DUPLICATE_METHOD_MATCH = YES;
				COPY_PHASE_STRIP = NO;
				DEBUG_INFORMATION_FORMAT = "dwarf-with-dsym";
				ENABLE_NS_ASSERTIONS = NO;
				ENABLE_STRICT_OBJC_MSGSEND = YES;
				GCC_C_LANGUAGE_STANDARD = gnu11;
				GCC_NO_COMMON_BLOCKS = YES;
				GCC_WARN_64_TO_32_BIT_CONVERSION = YES;
				GCC_WARN_ABOUT_RETURN_TYPE = YES_ERROR;
				GCC_WARN_UNDECLARED_SELECTOR = YES;
				GCC_WARN_UNINITIALIZED_AUTOS = YES_AGGRESSIVE;
				GCC_WARN_UNUSED_FUNCTION = YES;
				GCC_WARN_UNUSED_VARIABLE = YES;
				IPHONEOS_DEPLOYMENT_TARGET = 16.0;
				MTL_ENABLE_DEBUG_INFO = NO;
				MTL_FAST_MATH = YES;
				SDKROOT = iphoneos;
				SWIFT_COMPILATION_MODE = wholemodule;
				SWIFT_OPTIMIZATION_LEVEL = "-O";
				VALIDATE_PRODUCT = YES;
			};
			name = Release;
		};
		8762483428F449CC00E927E0 /* Debug */ = {
			isa = XCBuildConfiguration;
			buildSettings = {
				ASSETCATALOG_COMPILER_APPICON_NAME = AppIcon;
				ASSETCATALOG_COMPILER_GLOBAL_ACCENT_COLOR_NAME = AccentColor;
				CODE_SIGN_STYLE = Automatic;
				CURRENT_PROJECT_VERSION = 1;
				DEVELOPMENT_ASSET_PATHS = "\"IOSSuperpoderesMarvel/App/Preview Content\"";
				DEVELOPMENT_TEAM = 94HWZ76SXD;
				ENABLE_PREVIEWS = YES;
				GENERATE_INFOPLIST_FILE = YES;
				INFOPLIST_FILE = IOSSuperpoderesMarvel/App/Info.plist;
				INFOPLIST_KEY_UIApplicationSceneManifest_Generation = YES;
				INFOPLIST_KEY_UIApplicationSupportsIndirectInputEvents = YES;
				INFOPLIST_KEY_UILaunchScreen_Generation = YES;
				INFOPLIST_KEY_UISupportedInterfaceOrientations_iPad = "UIInterfaceOrientationPortrait UIInterfaceOrientationPortraitUpsideDown UIInterfaceOrientationLandscapeLeft UIInterfaceOrientationLandscapeRight";
				INFOPLIST_KEY_UISupportedInterfaceOrientations_iPhone = "UIInterfaceOrientationPortrait UIInterfaceOrientationLandscapeLeft UIInterfaceOrientationLandscapeRight";
				LD_RUNPATH_SEARCH_PATHS = (
					"$(inherited)",
					"@executable_path/Frameworks",
				);
				MARKETING_VERSION = 1.0;
				PRODUCT_BUNDLE_IDENTIFIER = com.ismaelsabri.IOSSuperpoderesMarvel;
				PRODUCT_NAME = "$(TARGET_NAME)";
				SWIFT_EMIT_LOC_STRINGS = YES;
				SWIFT_VERSION = 5.0;
				TARGETED_DEVICE_FAMILY = "1,2";
			};
			name = Debug;
		};
		8762483528F449CC00E927E0 /* Release */ = {
			isa = XCBuildConfiguration;
			buildSettings = {
				ASSETCATALOG_COMPILER_APPICON_NAME = AppIcon;
				ASSETCATALOG_COMPILER_GLOBAL_ACCENT_COLOR_NAME = AccentColor;
				CODE_SIGN_STYLE = Automatic;
				CURRENT_PROJECT_VERSION = 1;
				DEVELOPMENT_ASSET_PATHS = "\"IOSSuperpoderesMarvel/App/Preview Content\"";
				DEVELOPMENT_TEAM = 94HWZ76SXD;
				ENABLE_PREVIEWS = YES;
				GENERATE_INFOPLIST_FILE = YES;
				INFOPLIST_FILE = IOSSuperpoderesMarvel/App/Info.plist;
				INFOPLIST_KEY_UIApplicationSceneManifest_Generation = YES;
				INFOPLIST_KEY_UIApplicationSupportsIndirectInputEvents = YES;
				INFOPLIST_KEY_UILaunchScreen_Generation = YES;
				INFOPLIST_KEY_UISupportedInterfaceOrientations_iPad = "UIInterfaceOrientationPortrait UIInterfaceOrientationPortraitUpsideDown UIInterfaceOrientationLandscapeLeft UIInterfaceOrientationLandscapeRight";
				INFOPLIST_KEY_UISupportedInterfaceOrientations_iPhone = "UIInterfaceOrientationPortrait UIInterfaceOrientationLandscapeLeft UIInterfaceOrientationLandscapeRight";
				LD_RUNPATH_SEARCH_PATHS = (
					"$(inherited)",
					"@executable_path/Frameworks",
				);
				MARKETING_VERSION = 1.0;
				PRODUCT_BUNDLE_IDENTIFIER = com.ismaelsabri.IOSSuperpoderesMarvel;
				PRODUCT_NAME = "$(TARGET_NAME)";
				SWIFT_EMIT_LOC_STRINGS = YES;
				SWIFT_VERSION = 5.0;
				TARGETED_DEVICE_FAMILY = "1,2";
			};
			name = Release;
		};
		8762483728F449CC00E927E0 /* Debug */ = {
			isa = XCBuildConfiguration;
			buildSettings = {
				ALWAYS_EMBED_SWIFT_STANDARD_LIBRARIES = YES;
				BUNDLE_LOADER = "$(TEST_HOST)";
				CODE_SIGN_STYLE = Automatic;
				CURRENT_PROJECT_VERSION = 1;
				DEVELOPMENT_TEAM = 94HWZ76SXD;
				GENERATE_INFOPLIST_FILE = YES;
				IPHONEOS_DEPLOYMENT_TARGET = 16.0;
				MARKETING_VERSION = 1.0;
				PRODUCT_BUNDLE_IDENTIFIER = com.ismaelsabri.IOSSuperpoderesMarvelTests;
				PRODUCT_NAME = "$(TARGET_NAME)";
				SWIFT_EMIT_LOC_STRINGS = NO;
				SWIFT_VERSION = 5.0;
				TARGETED_DEVICE_FAMILY = "1,2";
				TEST_HOST = "$(BUILT_PRODUCTS_DIR)/IOSSuperpoderesMarvel.app/$(BUNDLE_EXECUTABLE_FOLDER_PATH)/IOSSuperpoderesMarvel";
			};
			name = Debug;
		};
		8762483828F449CC00E927E0 /* Release */ = {
			isa = XCBuildConfiguration;
			buildSettings = {
				ALWAYS_EMBED_SWIFT_STANDARD_LIBRARIES = YES;
				BUNDLE_LOADER = "$(TEST_HOST)";
				CODE_SIGN_STYLE = Automatic;
				CURRENT_PROJECT_VERSION = 1;
				DEVELOPMENT_TEAM = 94HWZ76SXD;
				GENERATE_INFOPLIST_FILE = YES;
				IPHONEOS_DEPLOYMENT_TARGET = 16.0;
				MARKETING_VERSION = 1.0;
				PRODUCT_BUNDLE_IDENTIFIER = com.ismaelsabri.IOSSuperpoderesMarvelTests;
				PRODUCT_NAME = "$(TARGET_NAME)";
				SWIFT_EMIT_LOC_STRINGS = NO;
				SWIFT_VERSION = 5.0;
				TARGETED_DEVICE_FAMILY = "1,2";
				TEST_HOST = "$(BUILT_PRODUCTS_DIR)/IOSSuperpoderesMarvel.app/$(BUNDLE_EXECUTABLE_FOLDER_PATH)/IOSSuperpoderesMarvel";
			};
			name = Release;
		};
		8762483A28F449CC00E927E0 /* Debug */ = {
			isa = XCBuildConfiguration;
			buildSettings = {
				ALWAYS_EMBED_SWIFT_STANDARD_LIBRARIES = YES;
				CODE_SIGN_STYLE = Automatic;
				CURRENT_PROJECT_VERSION = 1;
				DEVELOPMENT_TEAM = 94HWZ76SXD;
				GENERATE_INFOPLIST_FILE = YES;
				MARKETING_VERSION = 1.0;
				PRODUCT_BUNDLE_IDENTIFIER = com.ismaelsabri.IOSSuperpoderesMarvelUITests;
				PRODUCT_NAME = "$(TARGET_NAME)";
				SWIFT_EMIT_LOC_STRINGS = NO;
				SWIFT_VERSION = 5.0;
				TARGETED_DEVICE_FAMILY = "1,2";
				TEST_TARGET_NAME = IOSSuperpoderesMarvel;
			};
			name = Debug;
		};
		8762483B28F449CC00E927E0 /* Release */ = {
			isa = XCBuildConfiguration;
			buildSettings = {
				ALWAYS_EMBED_SWIFT_STANDARD_LIBRARIES = YES;
				CODE_SIGN_STYLE = Automatic;
				CURRENT_PROJECT_VERSION = 1;
				DEVELOPMENT_TEAM = 94HWZ76SXD;
				GENERATE_INFOPLIST_FILE = YES;
				MARKETING_VERSION = 1.0;
				PRODUCT_BUNDLE_IDENTIFIER = com.ismaelsabri.IOSSuperpoderesMarvelUITests;
				PRODUCT_NAME = "$(TARGET_NAME)";
				SWIFT_EMIT_LOC_STRINGS = NO;
				SWIFT_VERSION = 5.0;
				TARGETED_DEVICE_FAMILY = "1,2";
				TEST_TARGET_NAME = IOSSuperpoderesMarvel;
			};
			name = Release;
		};
/* End XCBuildConfiguration section */

/* Begin XCConfigurationList section */
		8762480528F449CA00E927E0 /* Build configuration list for PBXProject "IOSSuperpoderesMarvel" */ = {
			isa = XCConfigurationList;
			buildConfigurations = (
				8762483128F449CC00E927E0 /* Debug */,
				8762483228F449CC00E927E0 /* Release */,
			);
			defaultConfigurationIsVisible = 0;
			defaultConfigurationName = Release;
		};
		8762483328F449CC00E927E0 /* Build configuration list for PBXNativeTarget "IOSSuperpoderesMarvel" */ = {
			isa = XCConfigurationList;
			buildConfigurations = (
				8762483428F449CC00E927E0 /* Debug */,
				8762483528F449CC00E927E0 /* Release */,
			);
			defaultConfigurationIsVisible = 0;
			defaultConfigurationName = Release;
		};
		8762483628F449CC00E927E0 /* Build configuration list for PBXNativeTarget "IOSSuperpoderesMarvelTests" */ = {
			isa = XCConfigurationList;
			buildConfigurations = (
				8762483728F449CC00E927E0 /* Debug */,
				8762483828F449CC00E927E0 /* Release */,
			);
			defaultConfigurationIsVisible = 0;
			defaultConfigurationName = Release;
		};
		8762483928F449CC00E927E0 /* Build configuration list for PBXNativeTarget "IOSSuperpoderesMarvelUITests" */ = {
			isa = XCConfigurationList;
			buildConfigurations = (
				8762483A28F449CC00E927E0 /* Debug */,
				8762483B28F449CC00E927E0 /* Release */,
			);
			defaultConfigurationIsVisible = 0;
			defaultConfigurationName = Release;
		};
/* End XCConfigurationList section */

/* Begin XCVersionGroup section */
		8762481828F449CB00E927E0 /* IOSSuperpoderesMarvel.xcdatamodeld */ = {
			isa = XCVersionGroup;
			children = (
				8762481928F449CB00E927E0 /* IOSSuperpoderesMarvel.xcdatamodel */,
			);
			currentVersion = 8762481928F449CB00E927E0 /* IOSSuperpoderesMarvel.xcdatamodel */;
			path = IOSSuperpoderesMarvel.xcdatamodeld;
			sourceTree = "<group>";
			versionGroupType = wrapper.xcdatamodel;
		};
/* End XCVersionGroup section */
	};
	rootObject = 8762480228F449CA00E927E0 /* Project object */;
}
